
Microsoft Visual Studio Solution File, Format Version 12.00
# Visual Studio Version 17
VisualStudioVersion = 17.9.34607.119
MinimumVisualStudioVersion = 10.0.40219.1
Project("{2150E333-8FDC-42A3-9474-1A3956D46DE8}") = "src", "src", "{232C7E93-DD0F-4FDC-80F4-1654E4A1DA0A}"
EndProject
Project("{2150E333-8FDC-42A3-9474-1A3956D46DE8}") = "tests", "tests", "{66DA3D99-DDC5-4289-AD0B-D8244E80D189}"
EndProject
Project("{9A19103F-16F7-4668-BE54-9A1E7A4F7556}") = "Ticketing.Api", "Ticketing.Api\Ticketing.Api.csproj", "{68247E65-A7CE-4206-805D-BBDFA3A81431}"
EndProject
Project("{2150E333-8FDC-42A3-9474-1A3956D46DE8}") = "Modules", "Modules", "{5965AB9C-317E-4D07-95B8-B686A0AB8FB5}"
EndProject
Project("{2150E333-8FDC-42A3-9474-1A3956D46DE8}") = "Events", "Events", "{A1DD6A25-ADB5-425F-A89F-014FCD2AC959}"
EndProject
Project("{2150E333-8FDC-42A3-9474-1A3956D46DE8}") = "Orders", "Orders", "{89252509-DA38-4CB6-8959-2CD7F8CFC13D}"
EndProject
Project("{2150E333-8FDC-42A3-9474-1A3956D46DE8}") = "Payments", "Payments", "{E33703A5-5951-407D-A30A-A7D8155231D9}"
EndProject
Project("{9A19103F-16F7-4668-BE54-9A1E7A4F7556}") = "Modules.Events.Api", "src\Modules\Events\Modules.Events.Api\Modules.Events.Api.csproj", "{D57F9E98-6D5F-400B-B0C9-859C0591686F}"
EndProject
Project("{9A19103F-16F7-4668-BE54-9A1E7A4F7556}") = "Modules.Orders.Api", "src\Modules\Orders\Modules.Orders.Api\Modules.Orders.Api.csproj", "{EF613121-FF5A-426B-8DF0-3C9EBECAA26B}"
EndProject
Project("{9A19103F-16F7-4668-BE54-9A1E7A4F7556}") = "Modules.Payments.Api", "src\Modules\Payments\Modules.Payments.Api\Modules.Payments.Api.csproj", "{7EE51BF1-BDDB-4263-BE0E-EAD8FC190F7F}"
EndProject
Project("{9A19103F-16F7-4668-BE54-9A1E7A4F7556}") = "Modules.Events.ModuleApi", "src\Modules\Events\Modules.Events.ModuleApi\Modules.Events.ModuleApi.csproj", "{28669A9E-00C2-4D57-875B-67CF756B24DE}"
EndProject
Project("{9A19103F-16F7-4668-BE54-9A1E7A4F7556}") = "Modules.Orders.ModuleApi", "src\Modules\Orders\Modules.Orders.ModuleApi\Modules.Orders.ModuleApi.csproj", "{FD78DA76-6988-48EB-AEBB-49679DEB98F8}"
EndProject
Project("{9A19103F-16F7-4668-BE54-9A1E7A4F7556}") = "Modules.Payments.ModuleApi", "src\Modules\Payments\Modules.Payments.ModuleApi\Modules.Payments.ModuleApi.csproj", "{5205C39F-C815-45F1-8B0E-9B9A92E9654C}"
EndProject
Project("{9A19103F-16F7-4668-BE54-9A1E7A4F7556}") = "Modules.Events.Core", "src\Modules\Events\Modules.Events.Core\Modules.Events.Core.csproj", "{02EE658D-527B-449D-8951-BF1059C642EF}"
EndProject
Project("{9A19103F-16F7-4668-BE54-9A1E7A4F7556}") = "Modules.Orders.Core", "src\Modules\Orders\Modules.Orders.Core\Modules.Orders.Core.csproj", "{AD523594-1390-4218-9E92-541B6257B26D}"
EndProject
Project("{9A19103F-16F7-4668-BE54-9A1E7A4F7556}") = "Modules.Payments.Core", "src\Modules\Payments\Modules.Payments.Core\Modules.Payments.Core.csproj", "{9C843D4D-493A-4372-B20F-70446A71EEA7}"
EndProject
Project("{9A19103F-16F7-4668-BE54-9A1E7A4F7556}") = "Modules.Events.Data", "src\Modules\Events\Modules.Events.Data\Modules.Events.Data.csproj", "{C95B77ED-E9EE-495B-A28C-880C0CAA474D}"
EndProject
Project("{9A19103F-16F7-4668-BE54-9A1E7A4F7556}") = "Modules.Orders.Infrastructure", "src\Modules\Orders\Modules.Orders.Infrastructure\Modules.Orders.Infrastructure.csproj", "{DCC2BBC6-E3A5-46C4-9F8E-CE95010C1DCA}"
EndProject
Project("{9A19103F-16F7-4668-BE54-9A1E7A4F7556}") = "Modules.Payments.Data", "src\Modules\Payments\Modules.Payments.Data\Modules.Payments.Data.csproj", "{18E19174-9774-40FB-9213-01E1EFA86EC2}"
EndProject
Project("{2150E333-8FDC-42A3-9474-1A3956D46DE8}") = "Shared", "Shared", "{1BE3A359-8A08-4904-A6D6-E7B784122D37}"
EndProject
Project("{9A19103F-16F7-4668-BE54-9A1E7A4F7556}") = "Ticketing.Shared.Data", "src\Shared\Ticketing.Shared.Data\Ticketing.Shared.Data.csproj", "{F319D45D-62CD-4EE2-8364-6EC779CE8B56}"
EndProject
Project("{9A19103F-16F7-4668-BE54-9A1E7A4F7556}") = "Ticketing.Shared.Messaging", "src\Shared\Ticketing.Shared.Messaging\Ticketing.Shared.Messaging.csproj", "{09EF2BEE-1504-45FF-BC06-BEF4B49C02EB}"
EndProject
Project("{2150E333-8FDC-42A3-9474-1A3956D46DE8}") = "Users", "Users", "{E3628057-9E2B-4CE0-A464-67E31EF844FA}"
EndProject
Project("{9A19103F-16F7-4668-BE54-9A1E7A4F7556}") = "Modules.Users.Data", "src\Modules\Users\Modules.Users.Data\Modules.Users.Data.csproj", "{B98E2F6D-D910-4E40-8642-60C4ABFB5FDF}"
EndProject
Project("{9A19103F-16F7-4668-BE54-9A1E7A4F7556}") = "Ticketing.Shared.Core", "src\Shared\Ticketing.Shared.Core\Ticketing.Shared.Core.csproj", "{850737C7-FCFA-4A3C-AFD0-F80781D291C1}"
EndProject
Project("{9A19103F-16F7-4668-BE54-9A1E7A4F7556}") = "Modules.Orders.Data", "src\Modules\Orders\Modules.Orders.Data\Modules.Orders.Data.csproj", "{1BC349D1-2B79-4011-A881-C43D9371ED33}"
EndProject
Project("{9A19103F-16F7-4668-BE54-9A1E7A4F7556}") = "Modules.Payments.Infrastructure", "src\Modules\Payments\Modules.Payments.Infrastructure\Modules.Payments.Infrastructure.csproj", "{10C390AC-FC9D-44B6-8742-CE5B6355413C}"
EndProject
Project("{9A19103F-16F7-4668-BE54-9A1E7A4F7556}") = "Modules.Events.Infrastructure", "src\Modules\Events\Modules.Events.Infrastructure\Modules.Events.Infrastructure.csproj", "{D11AFE43-C1C7-42D0-9FD1-ECFF1A68EEE5}"
EndProject
Project("{9A19103F-16F7-4668-BE54-9A1E7A4F7556}") = "Ticketing.Shared.Infrastructure", "src\Shared\Ticketing.Shared.Infrastructure\Ticketing.Shared.Infrastructure.csproj", "{7E8BF090-3C50-4ADD-BFA2-1816494B0AE3}"
EndProject
Project("{2150E333-8FDC-42A3-9474-1A3956D46DE8}") = "UnitTests", "UnitTests", "{38A73ECE-124E-40ED-A807-B755D9C14C19}"
EndProject
Project("{9A19103F-16F7-4668-BE54-9A1E7A4F7556}") = "Modules.Events.Core.UnitTest", "tests\UnitTests\Modules.Events.Core.UnitTest\Modules.Events.Core.UnitTest.csproj", "{02F7EE6D-2211-479C-9131-4D0B3F3C6680}"
EndProject
Project("{9A19103F-16F7-4668-BE54-9A1E7A4F7556}") = "Modules.Orders.Core.UnitTest", "tests\UnitTests\Modules.Orders.Core.UnitTest\Modules.Orders.Core.UnitTest.csproj", "{696C5423-7593-4B05-A85A-AD8A6591B83B}"
EndProject
Project("{9A19103F-16F7-4668-BE54-9A1E7A4F7556}") = "Modules.Payments.Core.UnitTest", "tests\UnitTests\Modules.Payments.Core.UnitTest\Modules.Payments.Core.UnitTest.csproj", "{791D6D58-3186-4AF2-ABAE-34AD988CC37E}"
EndProject
Project("{2150E333-8FDC-42A3-9474-1A3956D46DE8}") = "IntegrationTests", "IntegrationTests", "{323F4847-77D9-4169-A614-0971E2526040}"
EndProject
Project("{9A19103F-16F7-4668-BE54-9A1E7A4F7556}") = "TicketingIntegrationTests", "tests\IntegrationTests\TicketingIntegrationTests\TicketingIntegrationTests.csproj", "{AF50DE68-F327-42AC-8CDC-BE385FE5B8C9}"
EndProject
Project("{E53339B2-1760-4266-BCC7-CA923CBCF16C}") = "docker-compose", "docker-compose.dcproj", "{2833608D-C48C-4EC1-97F0-408D1108C868}"
EndProject
Project("{2150E333-8FDC-42A3-9474-1A3956D46DE8}") = "Notifications", "Notifications", "{29ED093F-7CFC-48E7-B412-613C20F4A4A0}"
EndProject
Project("{FAE04EC0-301F-11D3-BF4B-00C04F79EFBC}") = "Modules.Notifications.Service", "src\Modules\Notifications\Modules.Notifications.Service\Modules.Notifications.Service.csproj", "{BF3B7E4A-9A17-4773-9D5F-500943D35417}"
EndProject
Global
	GlobalSection(SolutionConfigurationPlatforms) = preSolution
		Debug|Any CPU = Debug|Any CPU
		Release|Any CPU = Release|Any CPU
	EndGlobalSection
	GlobalSection(ProjectConfigurationPlatforms) = postSolution
		{68247E65-A7CE-4206-805D-BBDFA3A81431}.Debug|Any CPU.ActiveCfg = Debug|Any CPU
		{68247E65-A7CE-4206-805D-BBDFA3A81431}.Debug|Any CPU.Build.0 = Debug|Any CPU
		{68247E65-A7CE-4206-805D-BBDFA3A81431}.Release|Any CPU.ActiveCfg = Release|Any CPU
		{68247E65-A7CE-4206-805D-BBDFA3A81431}.Release|Any CPU.Build.0 = Release|Any CPU
		{D57F9E98-6D5F-400B-B0C9-859C0591686F}.Debug|Any CPU.ActiveCfg = Debug|Any CPU
		{D57F9E98-6D5F-400B-B0C9-859C0591686F}.Debug|Any CPU.Build.0 = Debug|Any CPU
		{D57F9E98-6D5F-400B-B0C9-859C0591686F}.Release|Any CPU.ActiveCfg = Release|Any CPU
		{D57F9E98-6D5F-400B-B0C9-859C0591686F}.Release|Any CPU.Build.0 = Release|Any CPU
		{EF613121-FF5A-426B-8DF0-3C9EBECAA26B}.Debug|Any CPU.ActiveCfg = Debug|Any CPU
		{EF613121-FF5A-426B-8DF0-3C9EBECAA26B}.Debug|Any CPU.Build.0 = Debug|Any CPU
		{EF613121-FF5A-426B-8DF0-3C9EBECAA26B}.Release|Any CPU.ActiveCfg = Release|Any CPU
		{EF613121-FF5A-426B-8DF0-3C9EBECAA26B}.Release|Any CPU.Build.0 = Release|Any CPU
		{7EE51BF1-BDDB-4263-BE0E-EAD8FC190F7F}.Debug|Any CPU.ActiveCfg = Debug|Any CPU
		{7EE51BF1-BDDB-4263-BE0E-EAD8FC190F7F}.Debug|Any CPU.Build.0 = Debug|Any CPU
		{7EE51BF1-BDDB-4263-BE0E-EAD8FC190F7F}.Release|Any CPU.ActiveCfg = Release|Any CPU
		{7EE51BF1-BDDB-4263-BE0E-EAD8FC190F7F}.Release|Any CPU.Build.0 = Release|Any CPU
		{28669A9E-00C2-4D57-875B-67CF756B24DE}.Debug|Any CPU.ActiveCfg = Debug|Any CPU
		{28669A9E-00C2-4D57-875B-67CF756B24DE}.Debug|Any CPU.Build.0 = Debug|Any CPU
		{28669A9E-00C2-4D57-875B-67CF756B24DE}.Release|Any CPU.ActiveCfg = Release|Any CPU
		{28669A9E-00C2-4D57-875B-67CF756B24DE}.Release|Any CPU.Build.0 = Release|Any CPU
		{FD78DA76-6988-48EB-AEBB-49679DEB98F8}.Debug|Any CPU.ActiveCfg = Debug|Any CPU
		{FD78DA76-6988-48EB-AEBB-49679DEB98F8}.Debug|Any CPU.Build.0 = Debug|Any CPU
		{FD78DA76-6988-48EB-AEBB-49679DEB98F8}.Release|Any CPU.ActiveCfg = Release|Any CPU
		{FD78DA76-6988-48EB-AEBB-49679DEB98F8}.Release|Any CPU.Build.0 = Release|Any CPU
		{5205C39F-C815-45F1-8B0E-9B9A92E9654C}.Debug|Any CPU.ActiveCfg = Debug|Any CPU
		{5205C39F-C815-45F1-8B0E-9B9A92E9654C}.Debug|Any CPU.Build.0 = Debug|Any CPU
		{5205C39F-C815-45F1-8B0E-9B9A92E9654C}.Release|Any CPU.ActiveCfg = Release|Any CPU
		{5205C39F-C815-45F1-8B0E-9B9A92E9654C}.Release|Any CPU.Build.0 = Release|Any CPU
		{02EE658D-527B-449D-8951-BF1059C642EF}.Debug|Any CPU.ActiveCfg = Debug|Any CPU
		{02EE658D-527B-449D-8951-BF1059C642EF}.Debug|Any CPU.Build.0 = Debug|Any CPU
		{02EE658D-527B-449D-8951-BF1059C642EF}.Release|Any CPU.ActiveCfg = Release|Any CPU
		{02EE658D-527B-449D-8951-BF1059C642EF}.Release|Any CPU.Build.0 = Release|Any CPU
		{AD523594-1390-4218-9E92-541B6257B26D}.Debug|Any CPU.ActiveCfg = Debug|Any CPU
		{AD523594-1390-4218-9E92-541B6257B26D}.Debug|Any CPU.Build.0 = Debug|Any CPU
		{AD523594-1390-4218-9E92-541B6257B26D}.Release|Any CPU.ActiveCfg = Release|Any CPU
		{AD523594-1390-4218-9E92-541B6257B26D}.Release|Any CPU.Build.0 = Release|Any CPU
		{9C843D4D-493A-4372-B20F-70446A71EEA7}.Debug|Any CPU.ActiveCfg = Debug|Any CPU
		{9C843D4D-493A-4372-B20F-70446A71EEA7}.Debug|Any CPU.Build.0 = Debug|Any CPU
		{9C843D4D-493A-4372-B20F-70446A71EEA7}.Release|Any CPU.ActiveCfg = Release|Any CPU
		{9C843D4D-493A-4372-B20F-70446A71EEA7}.Release|Any CPU.Build.0 = Release|Any CPU
		{C95B77ED-E9EE-495B-A28C-880C0CAA474D}.Debug|Any CPU.ActiveCfg = Debug|Any CPU
		{C95B77ED-E9EE-495B-A28C-880C0CAA474D}.Debug|Any CPU.Build.0 = Debug|Any CPU
		{C95B77ED-E9EE-495B-A28C-880C0CAA474D}.Release|Any CPU.ActiveCfg = Release|Any CPU
		{C95B77ED-E9EE-495B-A28C-880C0CAA474D}.Release|Any CPU.Build.0 = Release|Any CPU
		{DCC2BBC6-E3A5-46C4-9F8E-CE95010C1DCA}.Debug|Any CPU.ActiveCfg = Debug|Any CPU
		{DCC2BBC6-E3A5-46C4-9F8E-CE95010C1DCA}.Debug|Any CPU.Build.0 = Debug|Any CPU
		{DCC2BBC6-E3A5-46C4-9F8E-CE95010C1DCA}.Release|Any CPU.ActiveCfg = Release|Any CPU
		{DCC2BBC6-E3A5-46C4-9F8E-CE95010C1DCA}.Release|Any CPU.Build.0 = Release|Any CPU
		{18E19174-9774-40FB-9213-01E1EFA86EC2}.Debug|Any CPU.ActiveCfg = Debug|Any CPU
		{18E19174-9774-40FB-9213-01E1EFA86EC2}.Debug|Any CPU.Build.0 = Debug|Any CPU
		{18E19174-9774-40FB-9213-01E1EFA86EC2}.Release|Any CPU.ActiveCfg = Release|Any CPU
		{18E19174-9774-40FB-9213-01E1EFA86EC2}.Release|Any CPU.Build.0 = Release|Any CPU
		{F319D45D-62CD-4EE2-8364-6EC779CE8B56}.Debug|Any CPU.ActiveCfg = Debug|Any CPU
		{F319D45D-62CD-4EE2-8364-6EC779CE8B56}.Debug|Any CPU.Build.0 = Debug|Any CPU
		{F319D45D-62CD-4EE2-8364-6EC779CE8B56}.Release|Any CPU.ActiveCfg = Release|Any CPU
		{F319D45D-62CD-4EE2-8364-6EC779CE8B56}.Release|Any CPU.Build.0 = Release|Any CPU
		{09EF2BEE-1504-45FF-BC06-BEF4B49C02EB}.Debug|Any CPU.ActiveCfg = Debug|Any CPU
		{09EF2BEE-1504-45FF-BC06-BEF4B49C02EB}.Debug|Any CPU.Build.0 = Debug|Any CPU
		{09EF2BEE-1504-45FF-BC06-BEF4B49C02EB}.Release|Any CPU.ActiveCfg = Release|Any CPU
		{09EF2BEE-1504-45FF-BC06-BEF4B49C02EB}.Release|Any CPU.Build.0 = Release|Any CPU
		{B98E2F6D-D910-4E40-8642-60C4ABFB5FDF}.Debug|Any CPU.ActiveCfg = Debug|Any CPU
		{B98E2F6D-D910-4E40-8642-60C4ABFB5FDF}.Debug|Any CPU.Build.0 = Debug|Any CPU
		{B98E2F6D-D910-4E40-8642-60C4ABFB5FDF}.Release|Any CPU.ActiveCfg = Release|Any CPU
		{B98E2F6D-D910-4E40-8642-60C4ABFB5FDF}.Release|Any CPU.Build.0 = Release|Any CPU
		{850737C7-FCFA-4A3C-AFD0-F80781D291C1}.Debug|Any CPU.ActiveCfg = Debug|Any CPU
		{850737C7-FCFA-4A3C-AFD0-F80781D291C1}.Debug|Any CPU.Build.0 = Debug|Any CPU
		{850737C7-FCFA-4A3C-AFD0-F80781D291C1}.Release|Any CPU.ActiveCfg = Release|Any CPU
		{850737C7-FCFA-4A3C-AFD0-F80781D291C1}.Release|Any CPU.Build.0 = Release|Any CPU
		{1BC349D1-2B79-4011-A881-C43D9371ED33}.Debug|Any CPU.ActiveCfg = Debug|Any CPU
		{1BC349D1-2B79-4011-A881-C43D9371ED33}.Debug|Any CPU.Build.0 = Debug|Any CPU
		{1BC349D1-2B79-4011-A881-C43D9371ED33}.Release|Any CPU.ActiveCfg = Release|Any CPU
		{1BC349D1-2B79-4011-A881-C43D9371ED33}.Release|Any CPU.Build.0 = Release|Any CPU
		{10C390AC-FC9D-44B6-8742-CE5B6355413C}.Debug|Any CPU.ActiveCfg = Debug|Any CPU
		{10C390AC-FC9D-44B6-8742-CE5B6355413C}.Debug|Any CPU.Build.0 = Debug|Any CPU
		{10C390AC-FC9D-44B6-8742-CE5B6355413C}.Release|Any CPU.ActiveCfg = Release|Any CPU
		{10C390AC-FC9D-44B6-8742-CE5B6355413C}.Release|Any CPU.Build.0 = Release|Any CPU
		{D11AFE43-C1C7-42D0-9FD1-ECFF1A68EEE5}.Debug|Any CPU.ActiveCfg = Debug|Any CPU
		{D11AFE43-C1C7-42D0-9FD1-ECFF1A68EEE5}.Debug|Any CPU.Build.0 = Debug|Any CPU
		{D11AFE43-C1C7-42D0-9FD1-ECFF1A68EEE5}.Release|Any CPU.ActiveCfg = Release|Any CPU
		{D11AFE43-C1C7-42D0-9FD1-ECFF1A68EEE5}.Release|Any CPU.Build.0 = Release|Any CPU
		{7E8BF090-3C50-4ADD-BFA2-1816494B0AE3}.Debug|Any CPU.ActiveCfg = Debug|Any CPU
		{7E8BF090-3C50-4ADD-BFA2-1816494B0AE3}.Debug|Any CPU.Build.0 = Debug|Any CPU
		{7E8BF090-3C50-4ADD-BFA2-1816494B0AE3}.Release|Any CPU.ActiveCfg = Release|Any CPU
		{7E8BF090-3C50-4ADD-BFA2-1816494B0AE3}.Release|Any CPU.Build.0 = Release|Any CPU
		{02F7EE6D-2211-479C-9131-4D0B3F3C6680}.Debug|Any CPU.ActiveCfg = Debug|Any CPU
		{02F7EE6D-2211-479C-9131-4D0B3F3C6680}.Debug|Any CPU.Build.0 = Debug|Any CPU
		{02F7EE6D-2211-479C-9131-4D0B3F3C6680}.Release|Any CPU.ActiveCfg = Release|Any CPU
		{02F7EE6D-2211-479C-9131-4D0B3F3C6680}.Release|Any CPU.Build.0 = Release|Any CPU
		{696C5423-7593-4B05-A85A-AD8A6591B83B}.Debug|Any CPU.ActiveCfg = Debug|Any CPU
		{696C5423-7593-4B05-A85A-AD8A6591B83B}.Debug|Any CPU.Build.0 = Debug|Any CPU
		{696C5423-7593-4B05-A85A-AD8A6591B83B}.Release|Any CPU.ActiveCfg = Release|Any CPU
		{696C5423-7593-4B05-A85A-AD8A6591B83B}.Release|Any CPU.Build.0 = Release|Any CPU
		{791D6D58-3186-4AF2-ABAE-34AD988CC37E}.Debug|Any CPU.ActiveCfg = Debug|Any CPU
		{791D6D58-3186-4AF2-ABAE-34AD988CC37E}.Debug|Any CPU.Build.0 = Debug|Any CPU
		{791D6D58-3186-4AF2-ABAE-34AD988CC37E}.Release|Any CPU.ActiveCfg = Release|Any CPU
		{791D6D58-3186-4AF2-ABAE-34AD988CC37E}.Release|Any CPU.Build.0 = Release|Any CPU
		{AF50DE68-F327-42AC-8CDC-BE385FE5B8C9}.Debug|Any CPU.ActiveCfg = Debug|Any CPU
		{AF50DE68-F327-42AC-8CDC-BE385FE5B8C9}.Debug|Any CPU.Build.0 = Debug|Any CPU
		{AF50DE68-F327-42AC-8CDC-BE385FE5B8C9}.Release|Any CPU.ActiveCfg = Release|Any CPU
		{AF50DE68-F327-42AC-8CDC-BE385FE5B8C9}.Release|Any CPU.Build.0 = Release|Any CPU
		{2833608D-C48C-4EC1-97F0-408D1108C868}.Debug|Any CPU.ActiveCfg = Debug|Any CPU
		{2833608D-C48C-4EC1-97F0-408D1108C868}.Debug|Any CPU.Build.0 = Debug|Any CPU
		{2833608D-C48C-4EC1-97F0-408D1108C868}.Release|Any CPU.ActiveCfg = Release|Any CPU
		{2833608D-C48C-4EC1-97F0-408D1108C868}.Release|Any CPU.Build.0 = Release|Any CPU
		{BF3B7E4A-9A17-4773-9D5F-500943D35417}.Debug|Any CPU.ActiveCfg = Debug|Any CPU
		{BF3B7E4A-9A17-4773-9D5F-500943D35417}.Debug|Any CPU.Build.0 = Debug|Any CPU
		{BF3B7E4A-9A17-4773-9D5F-500943D35417}.Release|Any CPU.ActiveCfg = Release|Any CPU
		{BF3B7E4A-9A17-4773-9D5F-500943D35417}.Release|Any CPU.Build.0 = Release|Any CPU
	EndGlobalSection
	GlobalSection(SolutionProperties) = preSolution
		HideSolutionNode = FALSE
	EndGlobalSection
	GlobalSection(NestedProjects) = preSolution
		{68247E65-A7CE-4206-805D-BBDFA3A81431} = {232C7E93-DD0F-4FDC-80F4-1654E4A1DA0A}
		{5965AB9C-317E-4D07-95B8-B686A0AB8FB5} = {232C7E93-DD0F-4FDC-80F4-1654E4A1DA0A}
		{A1DD6A25-ADB5-425F-A89F-014FCD2AC959} = {5965AB9C-317E-4D07-95B8-B686A0AB8FB5}
		{89252509-DA38-4CB6-8959-2CD7F8CFC13D} = {5965AB9C-317E-4D07-95B8-B686A0AB8FB5}
		{E33703A5-5951-407D-A30A-A7D8155231D9} = {5965AB9C-317E-4D07-95B8-B686A0AB8FB5}
		{D57F9E98-6D5F-400B-B0C9-859C0591686F} = {A1DD6A25-ADB5-425F-A89F-014FCD2AC959}
		{EF613121-FF5A-426B-8DF0-3C9EBECAA26B} = {89252509-DA38-4CB6-8959-2CD7F8CFC13D}
		{7EE51BF1-BDDB-4263-BE0E-EAD8FC190F7F} = {E33703A5-5951-407D-A30A-A7D8155231D9}
		{28669A9E-00C2-4D57-875B-67CF756B24DE} = {A1DD6A25-ADB5-425F-A89F-014FCD2AC959}
		{FD78DA76-6988-48EB-AEBB-49679DEB98F8} = {89252509-DA38-4CB6-8959-2CD7F8CFC13D}
		{5205C39F-C815-45F1-8B0E-9B9A92E9654C} = {E33703A5-5951-407D-A30A-A7D8155231D9}
		{02EE658D-527B-449D-8951-BF1059C642EF} = {A1DD6A25-ADB5-425F-A89F-014FCD2AC959}
		{AD523594-1390-4218-9E92-541B6257B26D} = {89252509-DA38-4CB6-8959-2CD7F8CFC13D}
		{9C843D4D-493A-4372-B20F-70446A71EEA7} = {E33703A5-5951-407D-A30A-A7D8155231D9}
		{C95B77ED-E9EE-495B-A28C-880C0CAA474D} = {A1DD6A25-ADB5-425F-A89F-014FCD2AC959}
		{DCC2BBC6-E3A5-46C4-9F8E-CE95010C1DCA} = {89252509-DA38-4CB6-8959-2CD7F8CFC13D}
		{18E19174-9774-40FB-9213-01E1EFA86EC2} = {E33703A5-5951-407D-A30A-A7D8155231D9}
		{1BE3A359-8A08-4904-A6D6-E7B784122D37} = {232C7E93-DD0F-4FDC-80F4-1654E4A1DA0A}
		{F319D45D-62CD-4EE2-8364-6EC779CE8B56} = {1BE3A359-8A08-4904-A6D6-E7B784122D37}
		{09EF2BEE-1504-45FF-BC06-BEF4B49C02EB} = {1BE3A359-8A08-4904-A6D6-E7B784122D37}
		{E3628057-9E2B-4CE0-A464-67E31EF844FA} = {5965AB9C-317E-4D07-95B8-B686A0AB8FB5}
		{B98E2F6D-D910-4E40-8642-60C4ABFB5FDF} = {E3628057-9E2B-4CE0-A464-67E31EF844FA}
		{850737C7-FCFA-4A3C-AFD0-F80781D291C1} = {1BE3A359-8A08-4904-A6D6-E7B784122D37}
		{1BC349D1-2B79-4011-A881-C43D9371ED33} = {89252509-DA38-4CB6-8959-2CD7F8CFC13D}
		{10C390AC-FC9D-44B6-8742-CE5B6355413C} = {E33703A5-5951-407D-A30A-A7D8155231D9}
		{D11AFE43-C1C7-42D0-9FD1-ECFF1A68EEE5} = {A1DD6A25-ADB5-425F-A89F-014FCD2AC959}
		{7E8BF090-3C50-4ADD-BFA2-1816494B0AE3} = {1BE3A359-8A08-4904-A6D6-E7B784122D37}
		{38A73ECE-124E-40ED-A807-B755D9C14C19} = {66DA3D99-DDC5-4289-AD0B-D8244E80D189}
		{02F7EE6D-2211-479C-9131-4D0B3F3C6680} = {38A73ECE-124E-40ED-A807-B755D9C14C19}
		{696C5423-7593-4B05-A85A-AD8A6591B83B} = {38A73ECE-124E-40ED-A807-B755D9C14C19}
		{791D6D58-3186-4AF2-ABAE-34AD988CC37E} = {38A73ECE-124E-40ED-A807-B755D9C14C19}
		{323F4847-77D9-4169-A614-0971E2526040} = {66DA3D99-DDC5-4289-AD0B-D8244E80D189}
		{AF50DE68-F327-42AC-8CDC-BE385FE5B8C9} = {323F4847-77D9-4169-A614-0971E2526040}
		{29ED093F-7CFC-48E7-B412-613C20F4A4A0} = {5965AB9C-317E-4D07-95B8-B686A0AB8FB5}
		{BF3B7E4A-9A17-4773-9D5F-500943D35417} = {29ED093F-7CFC-48E7-B412-613C20F4A4A0}
	EndGlobalSection
	GlobalSection(ExtensibilityGlobals) = postSolution
		SolutionGuid = {B4F1B6D2-4C3F-4FA9-8C30-303BDEAA8B34}
	EndGlobalSection
EndGlobal
